{
  "originHash" : "2e6f1b0e9206478dbf0dd12a35f74562cb1e0efa60df66f116594f050d84c0dd",
  "pins" : [
    {
      "identity" : "llama.swift",
      "kind" : "remoteSourceControl",
      "location" : "https://github.com/mattt/llama.swift",
      "state" : {
        "revision" : "3e9974e0f5cf7e124266da46c8c234587301a388",
        "version" : "2.10344.0"
      }
    }
  ],
  "version" : 3
}
